// !$*UTF8*$!
{
	archiveVersion = 1;
	classes = {
	};
	objectVersion = 56;
	objects = {

/* Begin PBXBuildFile section */
		ED1262A62ABEFB6B00B702C1 /* LoadingView.swift in Sources */ = {isa = PBXBuildFile; fileRef = ED1262A52ABEFB6B00B702C1 /* LoadingView.swift */; };
		ED1262A82ABEFC4A00B702C1 /* Color+Ext.swift in Sources */ = {isa = PBXBuildFile; fileRef = ED1262A72ABEFC4A00B702C1 /* Color+Ext.swift */; };
		ED1262AA2ABF234B00B702C1 /* RemoteImage.swift in Sources */ = {isa = PBXBuildFile; fileRef = ED1262A92ABF234B00B702C1 /* RemoteImage.swift */; };
		ED323E732AB352C5003E0545 /* Alert.swift in Sources */ = {isa = PBXBuildFile; fileRef = ED323E722AB352C5003E0545 /* Alert.swift */; };
		ED3AA5302AC2CA26006B0B8E /* AppetizerDetailView.swift in Sources */ = {isa = PBXBuildFile; fileRef = ED3AA52F2AC2CA26006B0B8E /* AppetizerDetailView.swift */; };
		ED53EB2D2ACABD440029CABF /* User.swift in Sources */ = {isa = PBXBuildFile; fileRef = ED53EB2C2ACABD440029CABF /* User.swift */; };
		ED678F632AAF1800004F233F /* AppetizerListCell.swift in Sources */ = {isa = PBXBuildFile; fileRef = ED678F622AAF1800004F233F /* AppetizerListCell.swift */; };
		ED678F652AAF1F0F004F233F /* NetworkManager.swift in Sources */ = {isa = PBXBuildFile; fileRef = ED678F642AAF1F0F004F233F /* NetworkManager.swift */; };
		ED678F672AAF2065004F233F /* APError.swift in Sources */ = {isa = PBXBuildFile; fileRef = ED678F662AAF2065004F233F /* APError.swift */; };
		ED678F692AAF3013004F233F /* AppetizerListViewModel.swift in Sources */ = {isa = PBXBuildFile; fileRef = ED678F682AAF3013004F233F /* AppetizerListViewModel.swift */; };
		ED70C7472AE681ED004A659F /* CustomModifiers.swift in Sources */ = {isa = PBXBuildFile; fileRef = ED70C7462AE681ED004A659F /* CustomModifiers.swift */; };
		ED7AB03E2AE5709E00B9DA72 /* EmptyState.swift in Sources */ = {isa = PBXBuildFile; fileRef = ED7AB03D2AE5709E00B9DA72 /* EmptyState.swift */; };
		ED7AB0402AE575C500B9DA72 /* Order.swift in Sources */ = {isa = PBXBuildFile; fileRef = ED7AB03F2AE575C500B9DA72 /* Order.swift */; };
		EDA4065E2AAE3D4400D4180D /* Appetizer.swift in Sources */ = {isa = PBXBuildFile; fileRef = EDA4065D2AAE3D4400D4180D /* Appetizer.swift */; };
		EDCB4F262AC9CA4100FEEABB /* APButton.swift in Sources */ = {isa = PBXBuildFile; fileRef = EDCB4F252AC9CA4100FEEABB /* APButton.swift */; };
		EDCB4F282AC9CB2B00FEEABB /* XDismissButton.swift in Sources */ = {isa = PBXBuildFile; fileRef = EDCB4F272AC9CB2B00FEEABB /* XDismissButton.swift */; };
		EDCB4F2A2AC9D54E00FEEABB /* AccountViewModel.swift in Sources */ = {isa = PBXBuildFile; fileRef = EDCB4F292AC9D54E00FEEABB /* AccountViewModel.swift */; };
		EDCB4F2C2AC9D7D400FEEABB /* String+Ext.swift in Sources */ = {isa = PBXBuildFile; fileRef = EDCB4F2B2AC9D7D400FEEABB /* String+Ext.swift */; };
		EDCC8F592AEB006D00025144 /* Image+Ext.swift in Sources */ = {isa = PBXBuildFile; fileRef = EDCC8F582AEB006D00025144 /* Image+Ext.swift */; };
		EDF7E1A62AADE1F300D014D9 /* AppetizersApp.swift in Sources */ = {isa = PBXBuildFile; fileRef = EDF7E1A52AADE1F300D014D9 /* AppetizersApp.swift */; };
		EDF7E1A82AADE1F300D014D9 /* AppetizerTabView.swift in Sources */ = {isa = PBXBuildFile; fileRef = EDF7E1A72AADE1F300D014D9 /* AppetizerTabView.swift */; };
		EDF7E1AA2AADE1F500D014D9 /* Assets.xcassets in Resources */ = {isa = PBXBuildFile; fileRef = EDF7E1A92AADE1F500D014D9 /* Assets.xcassets */; };
		EDF7E1AD2AADE1F500D014D9 /* Preview Assets.xcassets in Resources */ = {isa = PBXBuildFile; fileRef = EDF7E1AC2AADE1F500D014D9 /* Preview Assets.xcassets */; };
		EDF7E1B42AADE2E100D014D9 /* AppetizerListView.swift in Sources */ = {isa = PBXBuildFile; fileRef = EDF7E1B32AADE2E100D014D9 /* AppetizerListView.swift */; };
		EDF7E1B62AADE2ED00D014D9 /* AccountView.swift in Sources */ = {isa = PBXBuildFile; fileRef = EDF7E1B52AADE2ED00D014D9 /* AccountView.swift */; };
		EDF7E1B82AADE2F500D014D9 /* OrderView.swift in Sources */ = {isa = PBXBuildFile; fileRef = EDF7E1B72AADE2F500D014D9 /* OrderView.swift */; };
/* End PBXBuildFile section */

/* Begin PBXFileReference section */
		ED1262A52ABEFB6B00B702C1 /* LoadingView.swift */ = {isa = PBXFileReference; lastKnownFileType = sourcecode.swift; path = LoadingView.swift; sourceTree = "<group>"; };
		ED1262A72ABEFC4A00B702C1 /* Color+Ext.swift */ = {isa = PBXFileReference; lastKnownFileType = sourcecode.swift; path = "Color+Ext.swift"; sourceTree = "<group>"; };
		ED1262A92ABF234B00B702C1 /* RemoteImage.swift */ = {isa = PBXFileReference; lastKnownFileType = sourcecode.swift; path = RemoteImage.swift; sourceTree = "<group>"; };
		ED323E722AB352C5003E0545 /* Alert.swift */ = {isa = PBXFileReference; lastKnownFileType = sourcecode.swift; path = Alert.swift; sourceTree = "<group>"; };
		ED3AA52F2AC2CA26006B0B8E /* AppetizerDetailView.swift */ = {isa = PBXFileReference; lastKnownFileType = sourcecode.swift; path = AppetizerDetailView.swift; sourceTree = "<group>"; };
		ED53EB2C2ACABD440029CABF /* User.swift */ = {isa = PBXFileReference; lastKnownFileType = sourcecode.swift; path = User.swift; sourceTree = "<group>"; };
		ED678F622AAF1800004F233F /* AppetizerListCell.swift */ = {isa = PBXFileReference; lastKnownFileType = sourcecode.swift; path = AppetizerListCell.swift; sourceTree = "<group>"; };
		ED678F642AAF1F0F004F233F /* NetworkManager.swift */ = {isa = PBXFileReference; lastKnownFileType = sourcecode.swift; path = NetworkManager.swift; sourceTree = "<group>"; };
		ED678F662AAF2065004F233F /* APError.swift */ = {isa = PBXFileReference; lastKnownFileType = sourcecode.swift; path = APError.swift; sourceTree = "<group>"; };
		ED678F682AAF3013004F233F /* AppetizerListViewModel.swift */ = {isa = PBXFileReference; lastKnownFileType = sourcecode.swift; path = AppetizerListViewModel.swift; sourceTree = "<group>"; };
		ED70C7462AE681ED004A659F /* CustomModifiers.swift */ = {isa = PBXFileReference; lastKnownFileType = sourcecode.swift; path = CustomModifiers.swift; sourceTree = "<group>"; };
		ED7AB03D2AE5709E00B9DA72 /* EmptyState.swift */ = {isa = PBXFileReference; lastKnownFileType = sourcecode.swift; path = EmptyState.swift; sourceTree = "<group>"; };
		ED7AB03F2AE575C500B9DA72 /* Order.swift */ = {isa = PBXFileReference; lastKnownFileType = sourcecode.swift; path = Order.swift; sourceTree = "<group>"; };
		EDA4065D2AAE3D4400D4180D /* Appetizer.swift */ = {isa = PBXFileReference; lastKnownFileType = sourcecode.swift; path = Appetizer.swift; sourceTree = "<group>"; };
		EDCB4F252AC9CA4100FEEABB /* APButton.swift */ = {isa = PBXFileReference; lastKnownFileType = sourcecode.swift; path = APButton.swift; sourceTree = SOURCE_ROOT; };
		EDCB4F272AC9CB2B00FEEABB /* XDismissButton.swift */ = {isa = PBXFileReference; lastKnownFileType = sourcecode.swift; path = XDismissButton.swift; sourceTree = "<group>"; };
		EDCB4F292AC9D54E00FEEABB /* AccountViewModel.swift */ = {isa = PBXFileReference; lastKnownFileType = sourcecode.swift; path = AccountViewModel.swift; sourceTree = "<group>"; };
		EDCB4F2B2AC9D7D400FEEABB /* String+Ext.swift */ = {isa = PBXFileReference; lastKnownFileType = sourcecode.swift; path = "String+Ext.swift"; sourceTree = "<group>"; };
		EDCC8F582AEB006D00025144 /* Image+Ext.swift */ = {isa = PBXFileReference; lastKnownFileType = sourcecode.swift; path = "Image+Ext.swift"; sourceTree = "<group>"; };
		EDF7E1A22AADE1F300D014D9 /* Appetizers.app */ = {isa = PBXFileReference; explicitFileType = wrapper.application; includeInIndex = 0; path = Appetizers.app; sourceTree = BUILT_PRODUCTS_DIR; };
		EDF7E1A52AADE1F300D014D9 /* AppetizersApp.swift */ = {isa = PBXFileReference; lastKnownFileType = sourcecode.swift; path = AppetizersApp.swift; sourceTree = "<group>"; };
		EDF7E1A72AADE1F300D014D9 /* AppetizerTabView.swift */ = {isa = PBXFileReference; lastKnownFileType = sourcecode.swift; path = AppetizerTabView.swift; sourceTree = "<group>"; };
		EDF7E1A92AADE1F500D014D9 /* Assets.xcassets */ = {isa = PBXFileReference; lastKnownFileType = folder.assetcatalog; path = Assets.xcassets; sourceTree = "<group>"; };
		EDF7E1AC2AADE1F500D014D9 /* Preview Assets.xcassets */ = {isa = PBXFileReference; lastKnownFileType = folder.assetcatalog; path = "Preview Assets.xcassets"; sourceTree = "<group>"; };
		EDF7E1B32AADE2E100D014D9 /* AppetizerListView.swift */ = {isa = PBXFileReference; lastKnownFileType = sourcecode.swift; path = AppetizerListView.swift; sourceTree = "<group>"; };
		EDF7E1B52AADE2ED00D014D9 /* AccountView.swift */ = {isa = PBXFileReference; lastKnownFileType = sourcecode.swift; path = AccountView.swift; sourceTree = "<group>"; };
		EDF7E1B72AADE2F500D014D9 /* OrderView.swift */ = {isa = PBXFileReference; lastKnownFileType = sourcecode.swift; path = OrderView.swift; sourceTree = "<group>"; };
/* End PBXFileReference section */

/* Begin PBXFrameworksBuildPhase section */
		EDF7E19F2AADE1F300D014D9 /* Frameworks */ = {
			isa = PBXFrameworksBuildPhase;
			buildActionMask = 2147483647;
			files = (
			);
			runOnlyForDeploymentPostprocessing = 0;
		};
/* End PBXFrameworksBuildPhase section */

/* Begin PBXGroup section */
		ED1262AB2ABF282800B702C1 /* Screens */ = {
			isa = PBXGroup;
			children = (
				EDF7E1A72AADE1F300D014D9 /* AppetizerTabView.swift */,
				ED1262AD2ABF284200B702C1 /* AppetizerListView */,
				ED1262AE2ABF286000B702C1 /* AccountView */,
				ED1262AF2ABF286800B702C1 /* OrderView */,
			);
			path = Screens;
			sourceTree = "<group>";
		};
		ED1262AD2ABF284200B702C1 /* AppetizerListView */ = {
			isa = PBXGroup;
			children = (
				ED678F682AAF3013004F233F /* AppetizerListViewModel.swift */,
				EDF7E1B32AADE2E100D014D9 /* AppetizerListView.swift */,
				ED3AA52F2AC2CA26006B0B8E /* AppetizerDetailView.swift */,
			);
			path = AppetizerListView;
			sourceTree = "<group>";
		};
		ED1262AE2ABF286000B702C1 /* AccountView */ = {
			isa = PBXGroup;
			children = (
				EDCB4F292AC9D54E00FEEABB /* AccountViewModel.swift */,
				EDF7E1B52AADE2ED00D014D9 /* AccountView.swift */,
			);
			path = AccountView;
			sourceTree = "<group>";
		};
		ED1262AF2ABF286800B702C1 /* OrderView */ = {
			isa = PBXGroup;
			children = (
				EDF7E1B72AADE2F500D014D9 /* OrderView.swift */,
			);
			path = OrderView;
			sourceTree = "<group>";
		};
		ED1262B02ABF28D400B702C1 /* Utilities */ = {
			isa = PBXGroup;
			children = (
				ED1262B32ABF292600B702C1 /* Alerts */,
				ED1262B22ABF28FE00B702C1 /* Extentions */,
				ED1262B12ABF28F400B702C1 /* Managers */,
			);
			path = Utilities;
			sourceTree = "<group>";
		};
		ED1262B12ABF28F400B702C1 /* Managers */ = {
			isa = PBXGroup;
			children = (
				ED678F642AAF1F0F004F233F /* NetworkManager.swift */,
			);
			path = Managers;
			sourceTree = "<group>";
		};
		ED1262B22ABF28FE00B702C1 /* Extentions */ = {
			isa = PBXGroup;
			children = (
				ED1262A72ABEFC4A00B702C1 /* Color+Ext.swift */,
				EDCB4F2B2AC9D7D400FEEABB /* String+Ext.swift */,
				EDCC8F582AEB006D00025144 /* Image+Ext.swift */,
			);
			path = Extentions;
			sourceTree = "<group>";
		};
		ED1262B32ABF292600B702C1 /* Alerts */ = {
			isa = PBXGroup;
			children = (
				ED678F662AAF2065004F233F /* APError.swift */,
				ED323E722AB352C5003E0545 /* Alert.swift */,
			);
			path = Alerts;
			sourceTree = "<group>";
		};
		ED1262B42ABF297400B702C1 /* Model */ = {
			isa = PBXGroup;
			children = (
				EDA4065D2AAE3D4400D4180D /* Appetizer.swift */,
				ED53EB2C2ACABD440029CABF /* User.swift */,
				ED7AB03F2AE575C500B9DA72 /* Order.swift */,
			);
			path = Model;
			sourceTree = "<group>";
		};
		ED1262B52ABF29B500B702C1 /* Views */ = {
			isa = PBXGroup;
			children = (
				ED7AB03C2AE5706E00B9DA72 /* Empty States */,
				EDCB4F242AC9CA2600FEEABB /* Buttons */,
				ED1262B82ABF29E000B702C1 /* Image */,
				ED1262B72ABF29D400B702C1 /* Cells */,
				ED1262B62ABF29C100B702C1 /* UIKit Components */,
				ED70C7462AE681ED004A659F /* CustomModifiers.swift */,
			);
			path = Views;
			sourceTree = "<group>";
		};
		ED1262B62ABF29C100B702C1 /* UIKit Components */ = {
			isa = PBXGroup;
			children = (
				ED1262A52ABEFB6B00B702C1 /* LoadingView.swift */,
			);
			path = "UIKit Components";
			sourceTree = "<group>";
		};
		ED1262B72ABF29D400B702C1 /* Cells */ = {
			isa = PBXGroup;
			children = (
				ED678F622AAF1800004F233F /* AppetizerListCell.swift */,
			);
			path = Cells;
			sourceTree = "<group>";
		};
		ED1262B82ABF29E000B702C1 /* Image */ = {
			isa = PBXGroup;
			children = (
				ED1262A92ABF234B00B702C1 /* RemoteImage.swift */,
			);
			path = Image;
			sourceTree = "<group>";
		};
		ED7AB03C2AE5706E00B9DA72 /* Empty States */ = {
			isa = PBXGroup;
			children = (
				ED7AB03D2AE5709E00B9DA72 /* EmptyState.swift */,
			);
			path = "Empty States";
			sourceTree = "<group>";
		};
		EDCB4F242AC9CA2600FEEABB /* Buttons */ = {
			isa = PBXGroup;
			children = (
				EDCB4F252AC9CA4100FEEABB /* APButton.swift */,
				EDCB4F272AC9CB2B00FEEABB /* XDismissButton.swift */,
			);
			path = Buttons;
			sourceTree = "<group>";
		};
		EDF7E1992AADE1F300D014D9 = {
			isa = PBXGroup;
			children = (
				EDF7E1A42AADE1F300D014D9 /* Appetizers */,
				EDF7E1A32AADE1F300D014D9 /* Products */,
			);
			sourceTree = "<group>";
		};
		EDF7E1A32AADE1F300D014D9 /* Products */ = {
			isa = PBXGroup;
			children = (
				EDF7E1A22AADE1F300D014D9 /* Appetizers.app */,
			);
			name = Products;
			sourceTree = "<group>";
		};
		EDF7E1A42AADE1F300D014D9 /* Appetizers */ = {
			isa = PBXGroup;
			children = (
				ED1262B42ABF297400B702C1 /* Model */,
				ED1262B02ABF28D400B702C1 /* Utilities */,
				ED1262B52ABF29B500B702C1 /* Views */,
				ED1262AB2ABF282800B702C1 /* Screens */,
				EDF7E1A52AADE1F300D014D9 /* AppetizersApp.swift */,
				EDF7E1A92AADE1F500D014D9 /* Assets.xcassets */,
				EDF7E1AB2AADE1F500D014D9 /* Preview Content */,
			);
			path = Appetizers;
			sourceTree = "<group>";
		};
		EDF7E1AB2AADE1F500D014D9 /* Preview Content */ = {
			isa = PBXGroup;
			children = (
				EDF7E1AC2AADE1F500D014D9 /* Preview Assets.xcassets */,
			);
			path = "Preview Content";
			sourceTree = "<group>";
		};
/* End PBXGroup section */

/* Begin PBXNativeTarget section */
		EDF7E1A12AADE1F300D014D9 /* Appetizers */ = {
			isa = PBXNativeTarget;
			buildConfigurationList = EDF7E1B02AADE1F500D014D9 /* Build configuration list for PBXNativeTarget "Appetizers" */;
			buildPhases = (
				EDF7E19E2AADE1F300D014D9 /* Sources */,
				EDF7E19F2AADE1F300D014D9 /* Frameworks */,
				EDF7E1A02AADE1F300D014D9 /* Resources */,
			);
			buildRules = (
			);
			dependencies = (
			);
			name = Appetizers;
			productName = Appetizers;
			productReference = EDF7E1A22AADE1F300D014D9 /* Appetizers.app */;
			productType = "com.apple.product-type.application";
		};
/* End PBXNativeTarget section */

/* Begin PBXProject section */
		EDF7E19A2AADE1F300D014D9 /* Project object */ = {
			isa = PBXProject;
			attributes = {
				BuildIndependentTargetsInParallel = 1;
				LastSwiftUpdateCheck = 1430;
				LastUpgradeCheck = 1500;
				TargetAttributes = {
					EDF7E1A12AADE1F300D014D9 = {
						CreatedOnToolsVersion = 14.3.1;
					};
				};
			};
			buildConfigurationList = EDF7E19D2AADE1F300D014D9 /* Build configuration list for PBXProject "Appetizers" */;
			compatibilityVersion = "Xcode 14.0";
			developmentRegion = en;
			hasScannedForEncodings = 0;
			knownRegions = (
				en,
				Base,
			);
			mainGroup = EDF7E1992AADE1F300D014D9;
			productRefGroup = EDF7E1A32AADE1F300D014D9 /* Products */;
			projectDirPath = "";
			projectRoot = "";
			targets = (
				EDF7E1A12AADE1F300D014D9 /* Appetizers */,
			);
		};
/* End PBXProject section */

/* Begin PBXResourcesBuildPhase section */
		EDF7E1A02AADE1F300D014D9 /* Resources */ = {
			isa = PBXResourcesBuildPhase;
			buildActionMask = 2147483647;
			files = (
				EDF7E1AD2AADE1F500D014D9 /* Preview Assets.xcassets in Resources */,
				EDF7E1AA2AADE1F500D014D9 /* Assets.xcassets in Resources */,
			);
			runOnlyForDeploymentPostprocessing = 0;
		};
/* End PBXResourcesBuildPhase section */

/* Begin PBXSourcesBuildPhase section */
		EDF7E19E2AADE1F300D014D9 /* Sources */ = {
			isa = PBXSourcesBuildPhase;
			buildActionMask = 2147483647;
			files = (
				EDA4065E2AAE3D4400D4180D /* Appetizer.swift in Sources */,
				ED678F672AAF2065004F233F /* APError.swift in Sources */,
				EDCB4F282AC9CB2B00FEEABB /* XDismissButton.swift in Sources */,
				ED678F632AAF1800004F233F /* AppetizerListCell.swift in Sources */,
				ED7AB0402AE575C500B9DA72 /* Order.swift in Sources */,
				EDCB4F2A2AC9D54E00FEEABB /* AccountViewModel.swift in Sources */,
				ED678F692AAF3013004F233F /* AppetizerListViewModel.swift in Sources */,
				ED1262A82ABEFC4A00B702C1 /* Color+Ext.swift in Sources */,
				EDF7E1B62AADE2ED00D014D9 /* AccountView.swift in Sources */,
				ED53EB2D2ACABD440029CABF /* User.swift in Sources */,
				EDCB4F262AC9CA4100FEEABB /* APButton.swift in Sources */,
				ED1262A62ABEFB6B00B702C1 /* LoadingView.swift in Sources */,
				EDF7E1A82AADE1F300D014D9 /* AppetizerTabView.swift in Sources */,
				ED3AA5302AC2CA26006B0B8E /* AppetizerDetailView.swift in Sources */,
				ED678F652AAF1F0F004F233F /* NetworkManager.swift in Sources */,
				EDCB4F2C2AC9D7D400FEEABB /* String+Ext.swift in Sources */,
				ED7AB03E2AE5709E00B9DA72 /* EmptyState.swift in Sources */,
				EDCC8F592AEB006D00025144 /* Image+Ext.swift in Sources */,
				ED1262AA2ABF234B00B702C1 /* RemoteImage.swift in Sources */,
				EDF7E1A62AADE1F300D014D9 /* AppetizersApp.swift in Sources */,
				ED323E732AB352C5003E0545 /* Alert.swift in Sources */,
				ED70C7472AE681ED004A659F /* CustomModifiers.swift in Sources */,
				EDF7E1B42AADE2E100D014D9 /* AppetizerListView.swift in Sources */,
				EDF7E1B82AADE2F500D014D9 /* OrderView.swift in Sources */,
			);
			runOnlyForDeploymentPostprocessing = 0;
		};
/* End PBXSourcesBuildPhase section */

/* Begin XCBuildConfiguration section */
		EDF7E1AE2AADE1F500D014D9 /* Debug */ = {
			isa = XCBuildConfiguration;
			buildSettings = {
				ALWAYS_SEARCH_USER_PATHS = NO;
				CLANG_ANALYZER_NONNULL = YES;
				CLANG_ANALYZER_NUMBER_OBJECT_CONVERSION = YES_AGGRESSIVE;
				CLANG_CXX_LANGUAGE_STANDARD = "gnu++20";
				CLANG_ENABLE_MODULES = YES;
				CLANG_ENABLE_OBJC_ARC = YES;
				CLANG_ENABLE_OBJC_WEAK = YES;
				CLANG_WARN_BLOCK_CAPTURE_AUTORELEASING = YES;
				CLANG_WARN_BOOL_CONVERSION = YES;
				CLANG_WARN_COMMA = YES;
				CLANG_WARN_CONSTANT_CONVERSION = YES;
				CLANG_WARN_DEPRECATED_OBJC_IMPLEMENTATIONS = YES;
				CLANG_WARN_DIRECT_OBJC_ISA_USAGE = YES_ERROR;
				CLANG_WARN_DOCUMENTATION_COMMENTS = YES;
				CLANG_WARN_EMPTY_BODY = YES;
				CLANG_WARN_ENUM_CONVERSION = YES;
				CLANG_WARN_INFINITE_RECURSION = YES;
				CLANG_WARN_INT_CONVERSION = YES;
				CLANG_WARN_NON_LITERAL_NULL_CONVERSION = YES;
				CLANG_WARN_OBJC_IMPLICIT_RETAIN_SELF = YES;
				CLANG_WARN_OBJC_LITERAL_CONVERSION = YES;
				CLANG_WARN_OBJC_ROOT_CLASS = YES_ERROR;
				CLANG_WARN_QUOTED_INCLUDE_IN_FRAMEWORK_HEADER = YES;
				CLANG_WARN_RANGE_LOOP_ANALYSIS = YES;
				CLANG_WARN_STRICT_PROTOTYPES = YES;
				CLANG_WARN_SUSPICIOUS_MOVE = YES;
				CLANG_WARN_UNGUARDED_AVAILABILITY = YES_AGGRESSIVE;
				CLANG_WARN_UNREACHABLE_CODE = YES;
				CLANG_WARN__DUPLICATE_METHOD_MATCH = YES;
				COPY_PHASE_STRIP = NO;
				DEBUG_INFORMATION_FORMAT = dwarf;
				ENABLE_STRICT_OBJC_MSGSEND = YES;
				ENABLE_TESTABILITY = YES;
				ENABLE_USER_SCRIPT_SANDBOXING = YES;
				GCC_C_LANGUAGE_STANDARD = gnu11;
				GCC_DYNAMIC_NO_PIC = NO;
				GCC_NO_COMMON_BLOCKS = YES;
				GCC_OPTIMIZATION_LEVEL = 0;
				GCC_PREPROCESSOR_DEFINITIONS = (
					"DEBUG=1",
					"$(inherited)",
				);
				GCC_WARN_64_TO_32_BIT_CONVERSION = YES;
				GCC_WARN_ABOUT_RETURN_TYPE = YES_ERROR;
				GCC_WARN_UNDECLARED_SELECTOR = YES;
				GCC_WARN_UNINITIALIZED_AUTOS = YES_AGGRESSIVE;
				GCC_WARN_UNUSED_FUNCTION = YES;
				GCC_WARN_UNUSED_VARIABLE = YES;
				IPHONEOS_DEPLOYMENT_TARGET = 16.1;
				MTL_ENABLE_DEBUG_INFO = INCLUDE_SOURCE;
				MTL_FAST_MATH = YES;
				ONLY_ACTIVE_ARCH = YES;
				SDKROOT = iphoneos;
				SWIFT_ACTIVE_COMPILATION_CONDITIONS = DEBUG;
				SWIFT_OPTIMIZATION_LEVEL = "-Onone";
			};
			name = Debug;
		};
		EDF7E1AF2AADE1F500D014D9 /* Release */ = {
			isa = XCBuildConfiguration;
			buildSettings = {
				ALWAYS_SEARCH_USER_PATHS = NO;
				CLANG_ANALYZER_NONNULL = YES;
				CLANG_ANALYZER_NUMBER_OBJECT_CONVERSION = YES_AGGRESSIVE;
				CLANG_CXX_LANGUAGE_STANDARD = "gnu++20";
				CLANG_ENABLE_MODULES = YES;
				CLANG_ENABLE_OBJC_ARC = YES;
				CLANG_ENABLE_OBJC_WEAK = YES;
				CLANG_WARN_BLOCK_CAPTURE_AUTORELEASING = YES;
				CLANG_WARN_BOOL_CONVERSION = YES;
				CLANG_WARN_COMMA = YES;
				CLANG_WARN_CONSTANT_CONVERSION = YES;
				CLANG_WARN_DEPRECATED_OBJC_IMPLEMENTATIONS = YES;
				CLANG_WARN_DIRECT_OBJC_ISA_USAGE = YES_ERROR;
				CLANG_WARN_DOCUMENTATION_COMMENTS = YES;
				CLANG_WARN_EMPTY_BODY = YES;
				CLANG_WARN_ENUM_CONVERSION = YES;
				CLANG_WARN_INFINITE_RECURSION = YES;
				CLANG_WARN_INT_CONVERSION = YES;
				CLANG_WARN_NON_LITERAL_NULL_CONVERSION = YES;
				CLANG_WARN_OBJC_IMPLICIT_RETAIN_SELF = YES;
				CLANG_WARN_OBJC_LITERAL_CONVERSION = YES;
				CLANG_WARN_OBJC_ROOT_CLASS = YES_ERROR;
				CLANG_WARN_QUOTED_INCLUDE_IN_FRAMEWORK_HEADER = YES;
				CLANG_WARN_RANGE_LOOP_ANALYSIS = YES;
				CLANG_WARN_STRICT_PROTOTYPES = YES;
				CLANG_WARN_SUSPICIOUS_MOVE = YES;
				CLANG_WARN_UNGUARDED_AVAILABILITY = YES_AGGRESSIVE;
				CLANG_WARN_UNREACHABLE_CODE = YES;
				CLANG_WARN__DUPLICATE_METHOD_MATCH = YES;
				COPY_PHASE_STRIP = NO;
				DEBUG_INFORMATION_FORMAT = "dwarf-with-dsym";
				ENABLE_NS_ASSERTIONS = NO;
				ENABLE_STRICT_OBJC_MSGSEND = YES;
				ENABLE_USER_SCRIPT_SANDBOXING = YES;
				GCC_C_LANGUAGE_STANDARD = gnu11;
				GCC_NO_COMMON_BLOCKS = YES;
				GCC_WARN_64_TO_32_BIT_CONVERSION = YES;
				GCC_WARN_ABOUT_RETURN_TYPE = YES_ERROR;
				GCC_WARN_UNDECLARED_SELECTOR = YES;
				GCC_WARN_UNINITIALIZED_AUTOS = YES_AGGRESSIVE;
				GCC_WARN_UNUSED_FUNCTION = YES;
				GCC_WARN_UNUSED_VARIABLE = YES;
				IPHONEOS_DEPLOYMENT_TARGET = 16.1;
				MTL_ENABLE_DEBUG_INFO = NO;
				MTL_FAST_MATH = YES;
				SDKROOT = iphoneos;
				SWIFT_COMPILATION_MODE = wholemodule;
				SWIFT_OPTIMIZATION_LEVEL = "-O";
				VALIDATE_PRODUCT = YES;
			};
			name = Release;
		};
		EDF7E1B12AADE1F500D014D9 /* Debug */ = {
			isa = XCBuildConfiguration;
			buildSettings = {
				ASSETCATALOG_COMPILER_APPICON_NAME = AppIcon;
				ASSETCATALOG_COMPILER_GLOBAL_ACCENT_COLOR_NAME = AccentColor;
				CODE_SIGN_STYLE = Automatic;
				CURRENT_PROJECT_VERSION = 1;
				DEVELOPMENT_ASSET_PATHS = "\"Appetizers/Preview Content\"";
				DEVELOPMENT_TEAM = K8DSJ8L4F8;
				ENABLE_PREVIEWS = YES;
				GENERATE_INFOPLIST_FILE = YES;
				INFOPLIST_KEY_UIApplicationSceneManifest_Generation = YES;
				INFOPLIST_KEY_UIApplicationSupportsIndirectInputEvents = YES;
				INFOPLIST_KEY_UILaunchScreen_Generation = YES;
				INFOPLIST_KEY_UISupportedInterfaceOrientations = UIInterfaceOrientationPortrait;
				INFOPLIST_KEY_UISupportedInterfaceOrientations_iPad = "UIInterfaceOrientationLandscapeLeft UIInterfaceOrientationLandscapeRight UIInterfaceOrientationPortrait UIInterfaceOrientationPortraitUpsideDown";
				IPHONEOS_DEPLOYMENT_TARGET = 16.1;
				LD_RUNPATH_SEARCH_PATHS = (
					"$(inherited)",
					"@executable_path/Frameworks",
				);
				MARKETING_VERSION = 1.0;
				PRODUCT_BUNDLE_IDENTIFIER = com.sivokhin.kirill.Appetizers;
				PRODUCT_NAME = "$(TARGET_NAME)";
				SUPPORTED_PLATFORMS = "iphoneos iphonesimulator";
				SUPPORTS_MACCATALYST = NO;
				SWIFT_EMIT_LOC_STRINGS = YES;
				SWIFT_VERSION = 5.0;
				TARGETED_DEVICE_FAMILY = 1;
			};
			name = Debug;
		};
		EDF7E1B22AADE1F500D014D9 /* Release */ = {
			isa = XCBuildConfiguration;
			buildSettings = {
				ASSETCATALOG_COMPILER_APPICON_NAME = AppIcon;
				ASSETCATALOG_COMPILER_GLOBAL_ACCENT_COLOR_NAME = AccentColor;
				CODE_SIGN_STYLE = Automatic;
				CURRENT_PROJECT_VERSION = 1;
				DEVELOPMENT_ASSET_PATHS = "\"Appetizers/Preview Content\"";
				DEVELOPMENT_TEAM = K8DSJ8L4F8;
				ENABLE_PREVIEWS = YES;
				GENERATE_INFOPLIST_FILE = YES;
				INFOPLIST_KEY_UIApplicationSceneManifest_Generation = YES;
				INFOPLIST_KEY_UIApplicationSupportsIndirectInputEvents = YES;
				INFOPLIST_KEY_UILaunchScreen_Generation = YES;
				INFOPLIST_KEY_UISupportedInterfaceOrientations = UIInterfaceOrientationPortrait;
				INFOPLIST_KEY_UISupportedInterfaceOrientations_iPad = "UIInterfaceOrientationLandscapeLeft UIInterfaceOrientationLandscapeRight UIInterfaceOrientationPortrait UIInterfaceOrientationPortraitUpsideDown";
				IPHONEOS_DEPLOYMENT_TARGET = 16.1;
				LD_RUNPATH_SEARCH_PATHS = (
					"$(inherited)",
					"@executable_path/Frameworks",
				);
				MARKETING_VERSION = 1.0;
				PRODUCT_BUNDLE_IDENTIFIER = com.sivokhin.kirill.Appetizers;
				PRODUCT_NAME = "$(TARGET_NAME)";
				SUPPORTED_PLATFORMS = "iphoneos iphonesimulator";
				SUPPORTS_MACCATALYST = NO;
				SWIFT_EMIT_LOC_STRINGS = YES;
				SWIFT_VERSION = 5.0;
				TARGETED_DEVICE_FAMILY = 1;
			};
			name = Release;
		};
/* End XCBuildConfiguration section */

/* Begin XCConfigurationList section */
		EDF7E19D2AADE1F300D014D9 /* Build configuration list for PBXProject "Appetizers" */ = {
			isa = XCConfigurationList;
			buildConfigurations = (
				EDF7E1AE2AADE1F500D014D9 /* Debug */,
				EDF7E1AF2AADE1F500D014D9 /* Release */,
			);
			defaultConfigurationIsVisible = 0;
			defaultConfigurationName = Release;
		};
		EDF7E1B02AADE1F500D014D9 /* Build configuration list for PBXNativeTarget "Appetizers" */ = {
			isa = XCConfigurationList;
			buildConfigurations = (
				EDF7E1B12AADE1F500D014D9 /* Debug */,
				EDF7E1B22AADE1F500D014D9 /* Release */,
			);
			defaultConfigurationIsVisible = 0;
			defaultConfigurationName = Release;
		};
/* End XCConfigurationList section */
	};
	rootObject = EDF7E19A2AADE1F300D014D9 /* Project object */;
}
